#MicroXplorer Configuration settings - do not modify
Mcu.Family=STM32F1
ProjectManager.MainLocation=Src
RCC.MCOFreq_Value=72000000
PB13.GPIOParameters=GPIO_Label
TIM1.OCIdleState_1=TIM_OCIDLESTATE_RESET
ProjectManager.KeepUserCode=true
Mcu.UserName=STM32F103CBTx
PB10.Mode=I2C
ADC1.ContinuousConvMode=ENABLE
TIM1.IPParameters=Period,Prescaler,OCIdleState_1,OCPolarity_1,AutomaticOutput,Channel-PWM Generation1 CH1 CH1N,Channel-PWM Generation2 CH2
USART1.BaudRate=38400
SH.ADCx_IN2.0=ADC1_IN2,IN2
ADC1.SamplingTime-6\#ChannelRegularConversion=ADC_SAMPLETIME_239CYCLES_5
RCC.PLLCLKFreq_Value=72000000
PC13-TAMPER-RTC.GPIOParameters=GPIO_Label
ProjectManager.functionlistsort=1-MX_GPIO_Init-GPIO-false-HAL-true,2-MX_DMA_Init-DMA-false-HAL-true,3-SystemClock_Config-RCC-false-HAL-false,4-MX_RTC_Init-RTC-false-HAL-true,5-MX_USART1_UART_Init-USART1-false-HAL-true,6-MX_ADC1_Init-ADC1-false-HAL-true,7-MX_TIM1_Init-TIM1-false-HAL-true,8-MX_TIM2_Init-TIM2-false-HAL-true,9-MX_I2C2_Init-I2C2-false-HAL-true,10-MX_TIM3_Init-TIM3-false-HAL-true
PA9.GPIOParameters=GPIO_Label
VP_RTC_VS_RTC_Activate.Mode=RTC_Enabled
RCC.RTCFreq_Value=32768
RCC.ADCFreqValue=12000000
PB0.GPIO_Label=SWITCH_LOAD
VP_RTC_VS_RTC_Calendar.Signal=RTC_VS_RTC_Calendar
SH.S_TIM1_CH1.ConfNb=1
USART1.IPParameters=VirtualMode,BaudRate
PB13.GPIO_Label=PWM_DCDC_N
PB11.Signal=I2C2_SDA
PB13.Signal=TIM1_CH1N
PinOutPanel.RotationAngle=0
RCC.SYSCLKSource=RCC_SYSCLKSOURCE_PLLCLK
ProjectManager.StackSize=0x400
PD1-OSC_OUT.Signal=RCC_OSC_OUT
Mcu.IP4=RCC
RCC.FCLKCortexFreq_Value=72000000
Mcu.IP5=RTC
Mcu.IP2=I2C2
NVIC.SVCall_IRQn=true\:0\:0\:false\:false\:true\:false\:false
VP_RTC_No_RTC_Output.Mode=RTC_OUT_NO
Mcu.IP3=NVIC
Mcu.IP0=ADC1
Mcu.IP1=DMA
TIM1.Prescaler=0
Mcu.UserConstants=
ADC1.Channel-5\#ChannelRegularConversion=ADC_CHANNEL_3
SH.S_TIM3_CH2.ConfNb=1
Mcu.ThirdPartyNb=0
ADC1.Channel-3\#ChannelRegularConversion=ADC_CHANNEL_1
RCC.HCLKFreq_Value=72000000
SH.ADCx_IN3.0=ADC1_IN3,IN3
Mcu.IPNb=11
TIM2.IPParameters=Prescaler,Period
ProjectManager.PreviousToolchain=
RCC.APB2TimFreq_Value=72000000
TIM3.Period=255
PB6.Signal=USART1_TX
Dma.ADC1.0.Direction=DMA_PERIPH_TO_MEMORY
ADC1.Channel-2\#ChannelRegularConversion=ADC_CHANNEL_0
VP_RTC_No_RTC_Output.Signal=RTC_No_RTC_Output
TIM1.AutomaticOutput=TIM_AUTOMATICOUTPUT_DISABLE
SH.ADCx_IN3.ConfNb=1
PB6.Mode=Asynchronous
PA8.GPIOParameters=GPIO_Label
Mcu.Pin6=PA1
Mcu.Pin7=PA2
VP_TIM2_VS_ClockSourceINT.Signal=TIM2_VS_ClockSourceINT
Mcu.Pin8=PA3
Mcu.Pin9=PA4
Dma.ADC1.0.MemDataAlignment=DMA_MDATAALIGN_HALFWORD
RCC.AHBFreq_Value=72000000
Mcu.Pin0=PC13-TAMPER-RTC
Mcu.Pin1=PC14-OSC32_IN
GPIO.groupedBy=Group By Peripherals
Mcu.Pin2=PC15-OSC32_OUT
Mcu.Pin3=PD0-OSC_IN
Mcu.Pin4=PD1-OSC_OUT
Mcu.Pin5=PA0-WKUP
ProjectManager.ProjectBuild=false
NVIC.UsageFault_IRQn=true\:0\:0\:false\:false\:true\:false\:false
NVIC.DebugMonitor_IRQn=true\:0\:0\:false\:false\:true\:false\:false
Mcu.IP10=USART1
NVIC.SysTick_IRQn=true\:0\:0\:false\:false\:true\:false\:true
RCC.RTCClockSelection=RCC_RTCCLKSOURCE_LSE
RCC.PLLMUL=RCC_PLL_MUL9
ProjectManager.FirmwarePackage=STM32Cube FW_F1 V1.8.0
ADC1.SamplingTime-4\#ChannelRegularConversion=ADC_SAMPLETIME_239CYCLES_5
MxDb.Version=DB.5.0.60
ADC1.Channel-6\#ChannelRegularConversion=ADC_CHANNEL_4
PB0.GPIOParameters=GPIO_Label
ADC1.Rank-2\#ChannelRegularConversion=1
ProjectManager.BackupPrevious=false
PC14-OSC32_IN.Mode=LSE-External-Oscillator
PA14.Mode=Serial_Wire
SH.ADCx_IN1.ConfNb=1
Dma.ADC1.0.PeriphInc=DMA_PINC_DISABLE
NVIC.TIM2_IRQn=true\:0\:0\:false\:false\:true\:true\:true
File.Version=6
PB7.Signal=USART1_RX
PA8.Signal=S_TIM1_CH1
SH.ADCx_IN0.0=ADC1_IN0,IN0
SH.ADCx_IN4.ConfNb=1
NVIC.PendSV_IRQn=true\:0\:0\:false\:false\:true\:false\:false
Dma.RequestsNb=1
ProjectManager.HalAssertFull=false
VP_TIM1_VS_ClockSourceINT.Mode=Internal
ProjectManager.ProjectName=bluepill
RCC.PLLMCOFreq_Value=36000000
Mcu.Package=LQFP48
TIM2.Prescaler=71
ProjectManager.ToolChainLocation=
VP_SYS_VS_Systick.Signal=SYS_VS_Systick
VP_RTC_VS_RTC_Calendar.Mode=RTC_Calendar
SH.ADCx_IN1.0=ADC1_IN1,IN1
RCC.APB1TimFreq_Value=72000000
NVIC.BusFault_IRQn=true\:0\:0\:false\:false\:true\:false\:false
TIM1.Period=5000
PB13.Mode=PWM Generation1 CH1 CH1N
NVIC.USART1_IRQn=true\:0\:0\:false\:false\:true\:true\:true
Dma.Request0=ADC1
ADC1.Rank-6\#ChannelRegularConversion=5
ProjectManager.CustomerFirmwarePackage=
VP_TIM3_VS_ClockSourceINT.Mode=Internal
ADC1.Rank-4\#ChannelRegularConversion=3
PA3.Signal=ADCx_IN3
VP_RTC_VS_RTC_Activate.Signal=RTC_VS_RTC_Activate
RCC.PLLSourceVirtual=RCC_PLLSOURCE_HSE
PC15-OSC32_OUT.Mode=LSE-External-Oscillator
TIM1.OCPolarity_1=TIM_OCPOLARITY_HIGH
ProjectManager.ProjectFileName=bluepill.ioc
Dma.ADC1.0.Instance=DMA1_Channel1
PD1-OSC_OUT.Mode=HSE-External-Oscillator
ADC1.Channel-4\#ChannelRegularConversion=ADC_CHANNEL_2
Mcu.PinsNb=28
ProjectManager.NoMain=false
ADC1.IPParameters=Rank-2\#ChannelRegularConversion,Channel-2\#ChannelRegularConversion,SamplingTime-2\#ChannelRegularConversion,NbrOfConversionFlag,Rank-3\#ChannelRegularConversion,Channel-3\#ChannelRegularConversion,SamplingTime-3\#ChannelRegularConversion,NbrOfConversion,master,ContinuousConvMode,Rank-4\#ChannelRegularConversion,Channel-4\#ChannelRegularConversion,SamplingTime-4\#ChannelRegularConversion,Rank-5\#ChannelRegularConversion,Channel-5\#ChannelRegularConversion,SamplingTime-5\#ChannelRegularConversion,Rank-6\#ChannelRegularConversion,Channel-6\#ChannelRegularConversion,SamplingTime-6\#ChannelRegularConversion
PA9.GPIO_Label=PWM_DCDC_SD
PC13-TAMPER-RTC.Signal=GPIO_Output
RCC.USBPrescaler=RCC_USBCLKSOURCE_PLL_DIV1_5
ProjectManager.DefaultFWLocation=true
TIM1.Channel-PWM\ Generation1\ CH1\ CH1N=TIM_CHANNEL_1
PD0-OSC_IN.Signal=RCC_OSC_IN
ProjectManager.DeletePrevious=true
RCC.APB1CLKDivider=RCC_HCLK_DIV2
PC14-OSC32_IN.Signal=RCC_OSC32_IN
ADC1.SamplingTime-2\#ChannelRegularConversion=ADC_SAMPLETIME_239CYCLES_5
RCC.FamilyName=M
PA0-WKUP.Signal=ADCx_IN0
RCC.ADCPresc=RCC_ADCPCLK2_DIV6
PA13.Signal=SYS_JTMS-SWDIO
Dma.ADC1.0.PeriphDataAlignment=DMA_PDATAALIGN_HALFWORD
PA8.GPIO_Label=PWM_DCDC
SH.S_TIM1_CH1.0=TIM1_CH1,PWM Generation1 CH1 CH1N
PB11.Mode=I2C
ProjectManager.TargetToolchain=Makefile
Dma.ADC1.0.Mode=DMA_CIRCULAR
Dma.ADC1.0.Priority=DMA_PRIORITY_LOW
PA9.Signal=S_TIM1_CH2
VP_TIM1_VS_ClockSourceINT.Signal=TIM1_VS_ClockSourceINT
TIM1.Channel-PWM\ Generation2\ CH2=TIM_CHANNEL_2
RCC.USBFreq_Value=48000000
VP_TIM3_VS_ClockSourceINT.Signal=TIM3_VS_ClockSourceINT
PC15-OSC32_OUT.Signal=RCC_OSC32_OUT
PA1.Signal=ADCx_IN1
SH.S_TIM1_CH2.ConfNb=1
PD0-OSC_IN.Mode=HSE-External-Oscillator
PB10.Signal=I2C2_SCL
SH.S_TIM3_CH2.0=TIM3_CH2,PWM Generation2 CH2
board=custom
ProjectManager.LastFirmware=true
PC13-TAMPER-RTC.GPIO_Label=BUILTIN_LED
RCC.VCOOutput2Freq_Value=8000000
Dma.ADC1.0.RequestParameters=Instance,Direction,PeriphInc,MemInc,PeriphDataAlignment,MemDataAlignment,Mode,Priority
RCC.APB2Freq_Value=72000000
MxCube.Version=5.6.1
SH.S_TIM1_CH2.0=TIM1_CH2,PWM Generation2 CH2
VP_TIM2_VS_ClockSourceINT.Mode=Internal
SH.ADCx_IN0.ConfNb=1
SH.ADCx_IN2.ConfNb=1
VP_SYS_VS_Systick.Mode=SysTick
TIM3.IPParameters=Channel-PWM Generation2 CH2,Period
SH.ADCx_IN4.0=ADC1_IN4,IN4
NVIC.NonMaskableInt_IRQn=true\:0\:0\:false\:false\:true\:false\:false
TIM2.Period=20000
ADC1.NbrOfConversion=5
PA13.Mode=Serial_Wire
ProjectManager.FreePins=false
RCC.IPParameters=ADCFreqValue,ADCPresc,AHBFreq_Value,APB1CLKDivider,APB1Freq_Value,APB1TimFreq_Value,APB2Freq_Value,APB2TimFreq_Value,FCLKCortexFreq_Value,FamilyName,HCLKFreq_Value,MCOFreq_Value,PLLCLKFreq_Value,PLLMCOFreq_Value,PLLMUL,PLLSourceVirtual,RTCClockSelection,RTCFreq_Value,SYSCLKFreq_VALUE,SYSCLKSource,TimSysFreq_Value,USBFreq_Value,USBPrescaler,VCOOutput2Freq_Value
ProjectManager.AskForMigrate=true
Mcu.Name=STM32F103C(8-B)Tx
Mcu.Pin26=VP_TIM2_VS_ClockSourceINT
Mcu.Pin27=VP_TIM3_VS_ClockSourceINT
PA2.Signal=ADCx_IN2
Mcu.Pin24=VP_SYS_VS_Systick
ProjectManager.UnderRoot=false
Mcu.Pin25=VP_TIM1_VS_ClockSourceINT
Mcu.IP8=TIM2
Mcu.IP9=TIM3
Mcu.IP6=SYS
Mcu.IP7=TIM1
ProjectManager.CoupleFile=false
PA4.Signal=ADCx_IN4
RCC.SYSCLKFreq_VALUE=72000000
Mcu.Pin22=VP_RTC_VS_RTC_Calendar
Mcu.Pin23=VP_RTC_No_RTC_Output
RCC.TimSysFreq_Value=72000000
PA7.GPIO_Label=SWITCH_FAN
Mcu.Pin20=PB7
ADC1.master=1
Mcu.Pin21=VP_RTC_VS_RTC_Activate
ADC1.Rank-3\#ChannelRegularConversion=2
ADC1.SamplingTime-3\#ChannelRegularConversion=ADC_SAMPLETIME_239CYCLES_5
NVIC.ForceEnableDMAVector=true
KeepUserPlacement=false
NVIC.MemoryManagement_IRQn=true\:0\:0\:false\:false\:true\:false\:false
USART1.VirtualMode=VM_ASYNC
ProjectManager.CompilerOptimize=6
PB7.Mode=Asynchronous
PA14.Signal=SYS_JTCK-SWCLK
Dma.ADC1.0.MemInc=DMA_MINC_ENABLE
ProjectManager.HeapSize=0x200
Mcu.Pin15=PA8
NVIC.HardFault_IRQn=true\:0\:0\:false\:false\:true\:false\:false
Mcu.Pin16=PA9
Mcu.Pin13=PB11
Mcu.Pin14=PB13
Mcu.Pin19=PB6
ADC1.SamplingTime-5\#ChannelRegularConversion=ADC_SAMPLETIME_239CYCLES_5
ProjectManager.ComputerToolchain=false
Mcu.Pin17=PA13
Mcu.Pin18=PA14
NVIC.PriorityGroup=NVIC_PRIORITYGROUP_4
ADC1.NbrOfConversionFlag=1
Mcu.Pin11=PB0
TIM3.Channel-PWM\ Generation2\ CH2=TIM_CHANNEL_2
Mcu.Pin12=PB10
Mcu.Pin10=PA7
NVIC.DMA1_Channel1_IRQn=true\:0\:0\:false\:false\:true\:false\:true
RCC.APB1Freq_Value=36000000
PB0.Signal=GPIO_Output
PA7.GPIOParameters=GPIO_Label
ADC1.Rank-5\#ChannelRegularConversion=4
ProjectManager.DeviceId=STM32F103CBTx
ProjectManager.LibraryCopy=1
PA7.Signal=S_TIM3_CH2
